
Microsoft Visual Studio Solution File, Format Version 12.00
# Visual Studio Version 17
VisualStudioVersion = 17.0.31903.59
MinimumVisualStudioVersion = 10.0.40219.1
Project("{FAE04EC0-301F-11D3-BF4B-00C04F79EFBC}") = "API", "API\API.csproj", "{9F58BB92-B9AE-42BF-B01E-C5713DF1F1D3}"
EndProject
Project("{FAE04EC0-301F-11D3-BF4B-00C04F79EFBC}") = "Core", "Core\Core.csproj", "{82135633-015C-40AC-9ADC-C6951E299DF6}"
EndProject
Project("{FAE04EC0-301F-11D3-BF4B-00C04F79EFBC}") = "Infrastructure", "Infrastructure\Infrastructure.csproj", "{46AE1106-4E89-4537-B043-64B0E8B3126D}"
EndProject
Global
	GlobalSection(SolutionConfigurationPlatforms) = preSolution
		Debug|Any CPU = Debug|Any CPU
		Release|Any CPU = Release|Any CPU
	EndGlobalSection
	GlobalSection(SolutionProperties) = preSolution
		HideSolutionNode = FALSE
	EndGlobalSection
	GlobalSection(ProjectConfigurationPlatforms) = postSolution
		{9F58BB92-B9AE-42BF-B01E-C5713DF1F1D3}.Debug|Any CPU.ActiveCfg = Debug|Any CPU
		{9F58BB92-B9AE-42BF-B01E-C5713DF1F1D3}.Debug|Any CPU.Build.0 = Debug|Any CPU
		{9F58BB92-B9AE-42BF-B01E-C5713DF1F1D3}.Release|Any CPU.ActiveCfg = Release|Any CPU
		{9F58BB92-B9AE-42BF-B01E-C5713DF1F1D3}.Release|Any CPU.Build.0 = Release|Any CPU
		{82135633-015C-40AC-9ADC-C6951E299DF6}.Debug|Any CPU.ActiveCfg = Debug|Any CPU
		{82135633-015C-40AC-9ADC-C6951E299DF6}.Debug|Any CPU.Build.0 = Debug|Any CPU
		{82135633-015C-40AC-9ADC-C6951E299DF6}.Release|Any CPU.ActiveCfg = Release|Any CPU
		{82135633-015C-40AC-9ADC-C6951E299DF6}.Release|Any CPU.Build.0 = Release|Any CPU
		{46AE1106-4E89-4537-B043-64B0E8B3126D}.Debug|Any CPU.ActiveCfg = Debug|Any CPU
		{46AE1106-4E89-4537-B043-64B0E8B3126D}.Debug|Any CPU.Build.0 = Debug|Any CPU
		{46AE1106-4E89-4537-B043-64B0E8B3126D}.Release|Any CPU.ActiveCfg = Release|Any CPU
		{46AE1106-4E89-4537-B043-64B0E8B3126D}.Release|Any CPU.Build.0 = Release|Any CPU
	EndGlobalSection
EndGlobal
